
Microsoft Visual Studio Solution File, Format Version 12.00
# Visual Studio Version 17
VisualStudioVersion = 17.5.33530.505
MinimumVisualStudioVersion = 10.0.40219.1
Project("{9A19103F-16F7-4668-BE54-9A1E7A4F7556}") = "UniversityLibrary", "UniversityLibrary\UniversityLibrary.csproj", "{9DD78A46-AF7B-44E4-A010-6D8287EF89B3}"
EndProject
Project("{9A19103F-16F7-4668-BE54-9A1E7A4F7556}") = "UniversityWebAppMVC4", "UniversityWebAppMVC4\UniversityWebAppMVC4.csproj", "{09B20D1D-BA5B-4BB0-88AD-805EBDE5F090}"
EndProject
Global
	GlobalSection(SolutionConfigurationPlatforms) = preSolution
		Debug|Any CPU = Debug|Any CPU
		Release|Any CPU = Release|Any CPU
	EndGlobalSection
	GlobalSection(ProjectConfigurationPlatforms) = postSolution
		{9DD78A46-AF7B-44E4-A010-6D8287EF89B3}.Debug|Any CPU.ActiveCfg = Debug|Any CPU
		{9DD78A46-AF7B-44E4-A010-6D8287EF89B3}.Debug|Any CPU.Build.0 = Debug|Any CPU
		{9DD78A46-AF7B-44E4-A010-6D8287EF89B3}.Release|Any CPU.ActiveCfg = Release|Any CPU
		{9DD78A46-AF7B-44E4-A010-6D8287EF89B3}.Release|Any CPU.Build.0 = Release|Any CPU
		{09B20D1D-BA5B-4BB0-88AD-805EBDE5F090}.Debug|Any CPU.ActiveCfg = Debug|Any CPU
		{09B20D1D-BA5B-4BB0-88AD-805EBDE5F090}.Debug|Any CPU.Build.0 = Debug|Any CPU
		{09B20D1D-BA5B-4BB0-88AD-805EBDE5F090}.Release|Any CPU.ActiveCfg = Release|Any CPU
		{09B20D1D-BA5B-4BB0-88AD-805EBDE5F090}.Release|Any CPU.Build.0 = Release|Any CPU
	EndGlobalSection
	GlobalSection(SolutionProperties) = preSolution
		HideSolutionNode = FALSE
	EndGlobalSection
	GlobalSection(ExtensibilityGlobals) = postSolution
		SolutionGuid = {921E365B-3D85-4CCE-A669-FF5F16665A32}
	EndGlobalSection
EndGlobal
