
Microsoft Visual Studio Solution File, Format Version 12.00
# Visual Studio Version 17
VisualStudioVersion = 17.5.33530.505
MinimumVisualStudioVersion = 10.0.40219.1
Project("{FAE04EC0-301F-11D3-BF4B-00C04F79EFBC}") = "PT8", "PT8.csproj", "{470D1C7E-CA58-49EF-9EFE-782D5E831731}"
EndProject
Global
	GlobalSection(SolutionConfigurationPlatforms) = preSolution
		Debug|Any CPU = Debug|Any CPU
		Release|Any CPU = Release|Any CPU
	EndGlobalSection
	GlobalSection(ProjectConfigurationPlatforms) = postSolution
		{470D1C7E-CA58-49EF-9EFE-782D5E831731}.Debug|Any CPU.ActiveCfg = Debug|Any CPU
		{470D1C7E-CA58-49EF-9EFE-782D5E831731}.Debug|Any CPU.Build.0 = Debug|Any CPU
		{470D1C7E-CA58-49EF-9EFE-782D5E831731}.Release|Any CPU.ActiveCfg = Release|Any CPU
		{470D1C7E-CA58-49EF-9EFE-782D5E831731}.Release|Any CPU.Build.0 = Release|Any CPU
	EndGlobalSection
	GlobalSection(SolutionProperties) = preSolution
		HideSolutionNode = FALSE
	EndGlobalSection
	GlobalSection(ExtensibilityGlobals) = postSolution
		SolutionGuid = {77AE40C7-0BEA-4FF6-897B-ED942535DFC5}
	EndGlobalSection
EndGlobal
