
Microsoft Visual Studio Solution File, Format Version 12.00
# Visual Studio Version 17
VisualStudioVersion = 17.5.33627.172
MinimumVisualStudioVersion = 10.0.40219.1
Project("{FAE04EC0-301F-11D3-BF4B-00C04F79EFBC}") = "DemoDisconnectLayer", "DemoDisconnectLayer.csproj", "{AE19C672-C995-416A-BA6E-7339175DD872}"
EndProject
Global
	GlobalSection(SolutionConfigurationPlatforms) = preSolution
		Debug|Any CPU = Debug|Any CPU
		Release|Any CPU = Release|Any CPU
	EndGlobalSection
	GlobalSection(ProjectConfigurationPlatforms) = postSolution
		{AE19C672-C995-416A-BA6E-7339175DD872}.Debug|Any CPU.ActiveCfg = Debug|Any CPU
		{AE19C672-C995-416A-BA6E-7339175DD872}.Debug|Any CPU.Build.0 = Debug|Any CPU
		{AE19C672-C995-416A-BA6E-7339175DD872}.Release|Any CPU.ActiveCfg = Release|Any CPU
		{AE19C672-C995-416A-BA6E-7339175DD872}.Release|Any CPU.Build.0 = Release|Any CPU
	EndGlobalSection
	GlobalSection(SolutionProperties) = preSolution
		HideSolutionNode = FALSE
	EndGlobalSection
	GlobalSection(ExtensibilityGlobals) = postSolution
		SolutionGuid = {DC350E47-F5F5-40B0-977C-85C24F06796E}
	EndGlobalSection
EndGlobal
